// !$*UTF8*$!
{
	archiveVersion = 1;
	classes = {
	};
	objectVersion = 56;
	objects = {

/* Begin PBXBuildFile section */
		E6D56DCD28EA9DCA00FB93FD /* TeleApp.swift in Sources */ = {isa = PBXBuildFile; fileRef = E6D56DCC28EA9DCA00FB93FD /* TeleApp.swift */; };
		E6D56DCF28EA9DCA00FB93FD /* ContentView.swift in Sources */ = {isa = PBXBuildFile; fileRef = E6D56DCE28EA9DCA00FB93FD /* ContentView.swift */; };
		E6D56DD128EA9DCC00FB93FD /* Assets.xcassets in Resources */ = {isa = PBXBuildFile; fileRef = E6D56DD028EA9DCC00FB93FD /* Assets.xcassets */; };
		E6D56DD428EA9DCC00FB93FD /* Preview Assets.xcassets in Resources */ = {isa = PBXBuildFile; fileRef = E6D56DD328EA9DCC00FB93FD /* Preview Assets.xcassets */; };
		E6D56DDC28EA9EF300FB93FD /* ShowsModel.xcdatamodeld in Sources */ = {isa = PBXBuildFile; fileRef = E6D56DDA28EA9EF300FB93FD /* ShowsModel.xcdatamodeld */; };
		E6D56DDF28EA9F8A00FB93FD /* Show.swift in Sources */ = {isa = PBXBuildFile; fileRef = E6D56DDE28EA9F8A00FB93FD /* Show.swift */; };
		E6D56DE228EAA25F00FB93FD /* ShowListItem.swift in Sources */ = {isa = PBXBuildFile; fileRef = E6D56DE128EAA25F00FB93FD /* ShowListItem.swift */; };
		E6D56DE528EAB12900FB93FD /* AddShowScreen.swift in Sources */ = {isa = PBXBuildFile; fileRef = E6D56DE428EAB12900FB93FD /* AddShowScreen.swift */; };
/* End PBXBuildFile section */

/* Begin PBXFileReference section */
		E6D56DC928EA9DCA00FB93FD /* Tele.app */ = {isa = PBXFileReference; explicitFileType = wrapper.application; includeInIndex = 0; path = Tele.app; sourceTree = BUILT_PRODUCTS_DIR; };
		E6D56DCC28EA9DCA00FB93FD /* TeleApp.swift */ = {isa = PBXFileReference; lastKnownFileType = sourcecode.swift; path = TeleApp.swift; sourceTree = "<group>"; };
		E6D56DCE28EA9DCA00FB93FD /* ContentView.swift */ = {isa = PBXFileReference; lastKnownFileType = sourcecode.swift; path = ContentView.swift; sourceTree = "<group>"; };
		E6D56DD028EA9DCC00FB93FD /* Assets.xcassets */ = {isa = PBXFileReference; lastKnownFileType = folder.assetcatalog; path = Assets.xcassets; sourceTree = "<group>"; };
		E6D56DD328EA9DCC00FB93FD /* Preview Assets.xcassets */ = {isa = PBXFileReference; lastKnownFileType = folder.assetcatalog; path = "Preview Assets.xcassets"; sourceTree = "<group>"; };
		E6D56DDB28EA9EF300FB93FD /* Shows.xcdatamodel */ = {isa = PBXFileReference; lastKnownFileType = wrapper.xcdatamodel; path = Shows.xcdatamodel; sourceTree = "<group>"; };
		E6D56DDE28EA9F8A00FB93FD /* Show.swift */ = {isa = PBXFileReference; lastKnownFileType = sourcecode.swift; path = Show.swift; sourceTree = "<group>"; };
		E6D56DE128EAA25F00FB93FD /* ShowListItem.swift */ = {isa = PBXFileReference; lastKnownFileType = sourcecode.swift; path = ShowListItem.swift; sourceTree = "<group>"; };
		E6D56DE428EAB12900FB93FD /* AddShowScreen.swift */ = {isa = PBXFileReference; lastKnownFileType = sourcecode.swift; path = AddShowScreen.swift; sourceTree = "<group>"; };
/* End PBXFileReference section */

/* Begin PBXFrameworksBuildPhase section */
		E6D56DC628EA9DCA00FB93FD /* Frameworks */ = {
			isa = PBXFrameworksBuildPhase;
			buildActionMask = 2147483647;
			files = (
			);
			runOnlyForDeploymentPostprocessing = 0;
		};
/* End PBXFrameworksBuildPhase section */

/* Begin PBXGroup section */
		E6D56DC028EA9DCA00FB93FD = {
			isa = PBXGroup;
			children = (
				E6D56DCB28EA9DCA00FB93FD /* Tele */,
				E6D56DCA28EA9DCA00FB93FD /* Products */,
			);
			sourceTree = "<group>";
		};
		E6D56DCA28EA9DCA00FB93FD /* Products */ = {
			isa = PBXGroup;
			children = (
				E6D56DC928EA9DCA00FB93FD /* Tele.app */,
			);
			name = Products;
			sourceTree = "<group>";
		};
		E6D56DCB28EA9DCA00FB93FD /* Tele */ = {
			isa = PBXGroup;
			children = (
				E6D56DE028EAA02000FB93FD /* Views */,
				E6D56DDD28EA9EFC00FB93FD /* Models */,
				E6D56DE328EAB10900FB93FD /* Screens */,
				E6D56DCC28EA9DCA00FB93FD /* TeleApp.swift */,
				E6D56DD028EA9DCC00FB93FD /* Assets.xcassets */,
				E6D56DD228EA9DCC00FB93FD /* Preview Content */,
			);
			path = Tele;
			sourceTree = "<group>";
		};
		E6D56DD228EA9DCC00FB93FD /* Preview Content */ = {
			isa = PBXGroup;
			children = (
				E6D56DD328EA9DCC00FB93FD /* Preview Assets.xcassets */,
			);
			path = "Preview Content";
			sourceTree = "<group>";
		};
		E6D56DDD28EA9EFC00FB93FD /* Models */ = {
			isa = PBXGroup;
			children = (
				E6D56DDA28EA9EF300FB93FD /* ShowsModel.xcdatamodeld */,
				E6D56DDE28EA9F8A00FB93FD /* Show.swift */,
			);
			path = Models;
			sourceTree = "<group>";
		};
		E6D56DE028EAA02000FB93FD /* Views */ = {
			isa = PBXGroup;
			children = (
				E6D56DCE28EA9DCA00FB93FD /* ContentView.swift */,
				E6D56DE128EAA25F00FB93FD /* ShowListItem.swift */,
			);
			path = Views;
			sourceTree = "<group>";
		};
		E6D56DE328EAB10900FB93FD /* Screens */ = {
			isa = PBXGroup;
			children = (
				E6D56DE428EAB12900FB93FD /* AddShowScreen.swift */,
			);
			path = Screens;
			sourceTree = "<group>";
		};
/* End PBXGroup section */

/* Begin PBXNativeTarget section */
		E6D56DC828EA9DCA00FB93FD /* Tele */ = {
			isa = PBXNativeTarget;
			buildConfigurationList = E6D56DD728EA9DCC00FB93FD /* Build configuration list for PBXNativeTarget "Tele" */;
			buildPhases = (
				E6D56DC528EA9DCA00FB93FD /* Sources */,
				E6D56DC628EA9DCA00FB93FD /* Frameworks */,
				E6D56DC728EA9DCA00FB93FD /* Resources */,
			);
			buildRules = (
			);
			dependencies = (
			);
			name = Tele;
			productName = Tele;
			productReference = E6D56DC928EA9DCA00FB93FD /* Tele.app */;
			productType = "com.apple.product-type.application";
		};
/* End PBXNativeTarget section */

/* Begin PBXProject section */
		E6D56DC128EA9DCA00FB93FD /* Project object */ = {
			isa = PBXProject;
			attributes = {
				BuildIndependentTargetsInParallel = 1;
				LastSwiftUpdateCheck = 1400;
				LastUpgradeCheck = 1400;
				TargetAttributes = {
					E6D56DC828EA9DCA00FB93FD = {
						CreatedOnToolsVersion = 14.0.1;
					};
				};
			};
			buildConfigurationList = E6D56DC428EA9DCA00FB93FD /* Build configuration list for PBXProject "Tele" */;
			compatibilityVersion = "Xcode 14.0";
			developmentRegion = en;
			hasScannedForEncodings = 0;
			knownRegions = (
				en,
				Base,
			);
			mainGroup = E6D56DC028EA9DCA00FB93FD;
			productRefGroup = E6D56DCA28EA9DCA00FB93FD /* Products */;
			projectDirPath = "";
			projectRoot = "";
			targets = (
				E6D56DC828EA9DCA00FB93FD /* Tele */,
			);
		};
/* End PBXProject section */

/* Begin PBXResourcesBuildPhase section */
		E6D56DC728EA9DCA00FB93FD /* Resources */ = {
			isa = PBXResourcesBuildPhase;
			buildActionMask = 2147483647;
			files = (
				E6D56DD428EA9DCC00FB93FD /* Preview Assets.xcassets in Resources */,
				E6D56DD128EA9DCC00FB93FD /* Assets.xcassets in Resources */,
			);
			runOnlyForDeploymentPostprocessing = 0;
		};
/* End PBXResourcesBuildPhase section */

/* Begin PBXSourcesBuildPhase section */
		E6D56DC528EA9DCA00FB93FD /* Sources */ = {
			isa = PBXSourcesBuildPhase;
			buildActionMask = 2147483647;
			files = (
				E6D56DDC28EA9EF300FB93FD /* ShowsModel.xcdatamodeld in Sources */,
				E6D56DCF28EA9DCA00FB93FD /* ContentView.swift in Sources */,
				E6D56DE528EAB12900FB93FD /* AddShowScreen.swift in Sources */,
				E6D56DDF28EA9F8A00FB93FD /* Show.swift in Sources */,
				E6D56DE228EAA25F00FB93FD /* ShowListItem.swift in Sources */,
				E6D56DCD28EA9DCA00FB93FD /* TeleApp.swift in Sources */,
			);
			runOnlyForDeploymentPostprocessing = 0;
		};
/* End PBXSourcesBuildPhase section */

/* Begin XCBuildConfiguration section */
		E6D56DD528EA9DCC00FB93FD /* Debug */ = {
			isa = XCBuildConfiguration;
			buildSettings = {
				ALWAYS_SEARCH_USER_PATHS = NO;
				CLANG_ANALYZER_NONNULL = YES;
				CLANG_ANALYZER_NUMBER_OBJECT_CONVERSION = YES_AGGRESSIVE;
				CLANG_CXX_LANGUAGE_STANDARD = "gnu++20";
				CLANG_ENABLE_MODULES = YES;
				CLANG_ENABLE_OBJC_ARC = YES;
				CLANG_ENABLE_OBJC_WEAK = YES;
				CLANG_WARN_BLOCK_CAPTURE_AUTORELEASING = YES;
				CLANG_WARN_BOOL_CONVERSION = YES;
				CLANG_WARN_COMMA = YES;
				CLANG_WARN_CONSTANT_CONVERSION = YES;
				CLANG_WARN_DEPRECATED_OBJC_IMPLEMENTATIONS = YES;
				CLANG_WARN_DIRECT_OBJC_ISA_USAGE = YES_ERROR;
				CLANG_WARN_DOCUMENTATION_COMMENTS = YES;
				CLANG_WARN_EMPTY_BODY = YES;
				CLANG_WARN_ENUM_CONVERSION = YES;
				CLANG_WARN_INFINITE_RECURSION = YES;
				CLANG_WARN_INT_CONVERSION = YES;
				CLANG_WARN_NON_LITERAL_NULL_CONVERSION = YES;
				CLANG_WARN_OBJC_IMPLICIT_RETAIN_SELF = YES;
				CLANG_WARN_OBJC_LITERAL_CONVERSION = YES;
				CLANG_WARN_OBJC_ROOT_CLASS = YES_ERROR;
				CLANG_WARN_QUOTED_INCLUDE_IN_FRAMEWORK_HEADER = YES;
				CLANG_WARN_RANGE_LOOP_ANALYSIS = YES;
				CLANG_WARN_STRICT_PROTOTYPES = YES;
				CLANG_WARN_SUSPICIOUS_MOVE = YES;
				CLANG_WARN_UNGUARDED_AVAILABILITY = YES_AGGRESSIVE;
				CLANG_WARN_UNREACHABLE_CODE = YES;
				CLANG_WARN__DUPLICATE_METHOD_MATCH = YES;
				COPY_PHASE_STRIP = NO;
				DEBUG_INFORMATION_FORMAT = dwarf;
				ENABLE_STRICT_OBJC_MSGSEND = YES;
				ENABLE_TESTABILITY = YES;
				GCC_C_LANGUAGE_STANDARD = gnu11;
				GCC_DYNAMIC_NO_PIC = NO;
				GCC_NO_COMMON_BLOCKS = YES;
				GCC_OPTIMIZATION_LEVEL = 0;
				GCC_PREPROCESSOR_DEFINITIONS = (
					"DEBUG=1",
					"$(inherited)",
				);
				GCC_WARN_64_TO_32_BIT_CONVERSION = YES;
				GCC_WARN_ABOUT_RETURN_TYPE = YES_ERROR;
				GCC_WARN_UNDECLARED_SELECTOR = YES;
				GCC_WARN_UNINITIALIZED_AUTOS = YES_AGGRESSIVE;
				GCC_WARN_UNUSED_FUNCTION = YES;
				GCC_WARN_UNUSED_VARIABLE = YES;
				IPHONEOS_DEPLOYMENT_TARGET = 16.0;
				MTL_ENABLE_DEBUG_INFO = INCLUDE_SOURCE;
				MTL_FAST_MATH = YES;
				ONLY_ACTIVE_ARCH = YES;
				SDKROOT = iphoneos;
				SWIFT_ACTIVE_COMPILATION_CONDITIONS = DEBUG;
				SWIFT_OPTIMIZATION_LEVEL = "-Onone";
			};
			name = Debug;
		};
		E6D56DD628EA9DCC00FB93FD /* Release */ = {
			isa = XCBuildConfiguration;
			buildSettings = {
				ALWAYS_SEARCH_USER_PATHS = NO;
				CLANG_ANALYZER_NONNULL = YES;
				CLANG_ANALYZER_NUMBER_OBJECT_CONVERSION = YES_AGGRESSIVE;
				CLANG_CXX_LANGUAGE_STANDARD = "gnu++20";
				CLANG_ENABLE_MODULES = YES;
				CLANG_ENABLE_OBJC_ARC = YES;
				CLANG_ENABLE_OBJC_WEAK = YES;
				CLANG_WARN_BLOCK_CAPTURE_AUTORELEASING = YES;
				CLANG_WARN_BOOL_CONVERSION = YES;
				CLANG_WARN_COMMA = YES;
				CLANG_WARN_CONSTANT_CONVERSION = YES;
				CLANG_WARN_DEPRECATED_OBJC_IMPLEMENTATIONS = YES;
				CLANG_WARN_DIRECT_OBJC_ISA_USAGE = YES_ERROR;
				CLANG_WARN_DOCUMENTATION_COMMENTS = YES;
				CLANG_WARN_EMPTY_BODY = YES;
				CLANG_WARN_ENUM_CONVERSION = YES;
				CLANG_WARN_INFINITE_RECURSION = YES;
				CLANG_WARN_INT_CONVERSION = YES;
				CLANG_WARN_NON_LITERAL_NULL_CONVERSION = YES;
				CLANG_WARN_OBJC_IMPLICIT_RETAIN_SELF = YES;
				CLANG_WARN_OBJC_LITERAL_CONVERSION = YES;
				CLANG_WARN_OBJC_ROOT_CLASS = YES_ERROR;
				CLANG_WARN_QUOTED_INCLUDE_IN_FRAMEWORK_HEADER = YES;
				CLANG_WARN_RANGE_LOOP_ANALYSIS = YES;
				CLANG_WARN_STRICT_PROTOTYPES = YES;
				CLANG_WARN_SUSPICIOUS_MOVE = YES;
				CLANG_WARN_UNGUARDED_AVAILABILITY = YES_AGGRESSIVE;
				CLANG_WARN_UNREACHABLE_CODE = YES;
				CLANG_WARN__DUPLICATE_METHOD_MATCH = YES;
				COPY_PHASE_STRIP = NO;
				DEBUG_INFORMATION_FORMAT = "dwarf-with-dsym";
				ENABLE_NS_ASSERTIONS = NO;
				ENABLE_STRICT_OBJC_MSGSEND = YES;
				GCC_C_LANGUAGE_STANDARD = gnu11;
				GCC_NO_COMMON_BLOCKS = YES;
				GCC_WARN_64_TO_32_BIT_CONVERSION = YES;
				GCC_WARN_ABOUT_RETURN_TYPE = YES_ERROR;
				GCC_WARN_UNDECLARED_SELECTOR = YES;
				GCC_WARN_UNINITIALIZED_AUTOS = YES_AGGRESSIVE;
				GCC_WARN_UNUSED_FUNCTION = YES;
				GCC_WARN_UNUSED_VARIABLE = YES;
				IPHONEOS_DEPLOYMENT_TARGET = 16.0;
				MTL_ENABLE_DEBUG_INFO = NO;
				MTL_FAST_MATH = YES;
				SDKROOT = iphoneos;
				SWIFT_COMPILATION_MODE = wholemodule;
				SWIFT_OPTIMIZATION_LEVEL = "-O";
				VALIDATE_PRODUCT = YES;
			};
			name = Release;
		};
		E6D56DD828EA9DCC00FB93FD /* Debug */ = {
			isa = XCBuildConfiguration;
			buildSettings = {
				ASSETCATALOG_COMPILER_APPICON_NAME = AppIcon;
				ASSETCATALOG_COMPILER_GLOBAL_ACCENT_COLOR_NAME = AccentColor;
				CODE_SIGN_STYLE = Automatic;
				CURRENT_PROJECT_VERSION = 1;
				DEVELOPMENT_ASSET_PATHS = "\"Tele/Preview Content\"";
				DEVELOPMENT_TEAM = JLPE2XFURG;
				ENABLE_PREVIEWS = YES;
				GENERATE_INFOPLIST_FILE = YES;
				INFOPLIST_KEY_UIApplicationSceneManifest_Generation = YES;
				INFOPLIST_KEY_UIApplicationSupportsIndirectInputEvents = YES;
				INFOPLIST_KEY_UILaunchScreen_Generation = YES;
				INFOPLIST_KEY_UISupportedInterfaceOrientations_iPad = "UIInterfaceOrientationPortrait UIInterfaceOrientationPortraitUpsideDown UIInterfaceOrientationLandscapeLeft UIInterfaceOrientationLandscapeRight";
				INFOPLIST_KEY_UISupportedInterfaceOrientations_iPhone = "UIInterfaceOrientationPortrait UIInterfaceOrientationLandscapeLeft UIInterfaceOrientationLandscapeRight";
				LD_RUNPATH_SEARCH_PATHS = (
					"$(inherited)",
					"@executable_path/Frameworks",
				);
				MARKETING_VERSION = 1.0;
				PRODUCT_BUNDLE_IDENTIFIER = com.chrishand.Tele;
				PRODUCT_NAME = "$(TARGET_NAME)";
				SWIFT_EMIT_LOC_STRINGS = YES;
				SWIFT_VERSION = 5.0;
				TARGETED_DEVICE_FAMILY = "1,2";
			};
			name = Debug;
		};
		E6D56DD928EA9DCC00FB93FD /* Release */ = {
			isa = XCBuildConfiguration;
			buildSettings = {
				ASSETCATALOG_COMPILER_APPICON_NAME = AppIcon;
				ASSETCATALOG_COMPILER_GLOBAL_ACCENT_COLOR_NAME = AccentColor;
				CODE_SIGN_STYLE = Automatic;
				CURRENT_PROJECT_VERSION = 1;
				DEVELOPMENT_ASSET_PATHS = "\"Tele/Preview Content\"";
				DEVELOPMENT_TEAM = JLPE2XFURG;
				ENABLE_PREVIEWS = YES;
				GENERATE_INFOPLIST_FILE = YES;
				INFOPLIST_KEY_UIApplicationSceneManifest_Generation = YES;
				INFOPLIST_KEY_UIApplicationSupportsIndirectInputEvents = YES;
				INFOPLIST_KEY_UILaunchScreen_Generation = YES;
				INFOPLIST_KEY_UISupportedInterfaceOrientations_iPad = "UIInterfaceOrientationPortrait UIInterfaceOrientationPortraitUpsideDown UIInterfaceOrientationLandscapeLeft UIInterfaceOrientationLandscapeRight";
				INFOPLIST_KEY_UISupportedInterfaceOrientations_iPhone = "UIInterfaceOrientationPortrait UIInterfaceOrientationLandscapeLeft UIInterfaceOrientationLandscapeRight";
				LD_RUNPATH_SEARCH_PATHS = (
					"$(inherited)",
					"@executable_path/Frameworks",
				);
				MARKETING_VERSION = 1.0;
				PRODUCT_BUNDLE_IDENTIFIER = com.chrishand.Tele;
				PRODUCT_NAME = "$(TARGET_NAME)";
				SWIFT_EMIT_LOC_STRINGS = YES;
				SWIFT_VERSION = 5.0;
				TARGETED_DEVICE_FAMILY = "1,2";
			};
			name = Release;
		};
/* End XCBuildConfiguration section */

/* Begin XCConfigurationList section */
		E6D56DC428EA9DCA00FB93FD /* Build configuration list for PBXProject "Tele" */ = {
			isa = XCConfigurationList;
			buildConfigurations = (
				E6D56DD528EA9DCC00FB93FD /* Debug */,
				E6D56DD628EA9DCC00FB93FD /* Release */,
			);
			defaultConfigurationIsVisible = 0;
			defaultConfigurationName = Release;
		};
		E6D56DD728EA9DCC00FB93FD /* Build configuration list for PBXNativeTarget "Tele" */ = {
			isa = XCConfigurationList;
			buildConfigurations = (
				E6D56DD828EA9DCC00FB93FD /* Debug */,
				E6D56DD928EA9DCC00FB93FD /* Release */,
			);
			defaultConfigurationIsVisible = 0;
			defaultConfigurationName = Release;
		};
/* End XCConfigurationList section */

/* Begin XCVersionGroup section */
		E6D56DDA28EA9EF300FB93FD /* ShowsModel.xcdatamodeld */ = {
			isa = XCVersionGroup;
			children = (
				E6D56DDB28EA9EF300FB93FD /* Shows.xcdatamodel */,
			);
			currentVersion = E6D56DDB28EA9EF300FB93FD /* Shows.xcdatamodel */;
			path = ShowsModel.xcdatamodeld;
			sourceTree = "<group>";
			versionGroupType = wrapper.xcdatamodel;
		};
/* End XCVersionGroup section */
	};
	rootObject = E6D56DC128EA9DCA00FB93FD /* Project object */;
}
